
Microsoft Visual Studio Solution File, Format Version 12.00
# Visual Studio Version 17
VisualStudioVersion = 17.3.32901.215
MinimumVisualStudioVersion = 10.0.40219.1
Project("{FAE04EC0-301F-11D3-BF4B-00C04F79EFBC}") = "Team8", "Team8\Team8.csproj", "{14103BF2-EC5B-4CA4-BB90-7F391693667A}"
EndProject
Global
	GlobalSection(SolutionConfigurationPlatforms) = preSolution
		Debug|Any CPU = Debug|Any CPU
		Release|Any CPU = Release|Any CPU
	EndGlobalSection
	GlobalSection(ProjectConfigurationPlatforms) = postSolution
		{14103BF2-EC5B-4CA4-BB90-7F391693667A}.Debug|Any CPU.ActiveCfg = Debug|Any CPU
		{14103BF2-EC5B-4CA4-BB90-7F391693667A}.Debug|Any CPU.Build.0 = Debug|Any CPU
		{14103BF2-EC5B-4CA4-BB90-7F391693667A}.Release|Any CPU.ActiveCfg = Release|Any CPU
		{14103BF2-EC5B-4CA4-BB90-7F391693667A}.Release|Any CPU.Build.0 = Release|Any CPU
	EndGlobalSection
	GlobalSection(SolutionProperties) = preSolution
		HideSolutionNode = FALSE
	EndGlobalSection
	GlobalSection(ExtensibilityGlobals) = postSolution
		SolutionGuid = {3A24B61F-1768-4A80-B31B-E9779EF7539F}
	EndGlobalSection
EndGlobal
